
Microsoft Visual Studio Solution File, Format Version 12.00
Project("{FAE04EC0-301F-11D3-BF4B-00C04F79EFBC}") = "Deployment", "Deployment\Deployment.csproj", "{591CD82C-DBB8-472A-84E6-FE630F146B46}"
EndProject
Project("{FAE04EC0-301F-11D3-BF4B-00C04F79EFBC}") = "DiscordBot", "DiscordBot\DiscordBot.csproj", "{B58E7544-7829-44FF-A9A2-2040B0A0CB4F}"
EndProject
Project("{FAE04EC0-301F-11D3-BF4B-00C04F79EFBC}") = "SharedLib", "SharedLib\SharedLib.csproj", "{A64D3CD8-A12E-4855-BAF2-9BA1C6043737}"
EndProject
Global
	GlobalSection(SolutionConfigurationPlatforms) = preSolution
		Debug|Any CPU = Debug|Any CPU
		Release|Any CPU = Release|Any CPU
	EndGlobalSection
	GlobalSection(ProjectConfigurationPlatforms) = postSolution
		{591CD82C-DBB8-472A-84E6-FE630F146B46}.Debug|Any CPU.ActiveCfg = Debug|Any CPU
		{591CD82C-DBB8-472A-84E6-FE630F146B46}.Debug|Any CPU.Build.0 = Debug|Any CPU
		{591CD82C-DBB8-472A-84E6-FE630F146B46}.Release|Any CPU.ActiveCfg = Release|Any CPU
		{591CD82C-DBB8-472A-84E6-FE630F146B46}.Release|Any CPU.Build.0 = Release|Any CPU
		{B58E7544-7829-44FF-A9A2-2040B0A0CB4F}.Debug|Any CPU.ActiveCfg = Debug|Any CPU
		{B58E7544-7829-44FF-A9A2-2040B0A0CB4F}.Debug|Any CPU.Build.0 = Debug|Any CPU
		{B58E7544-7829-44FF-A9A2-2040B0A0CB4F}.Release|Any CPU.ActiveCfg = Release|Any CPU
		{B58E7544-7829-44FF-A9A2-2040B0A0CB4F}.Release|Any CPU.Build.0 = Release|Any CPU
		{A64D3CD8-A12E-4855-BAF2-9BA1C6043737}.Debug|Any CPU.ActiveCfg = Debug|Any CPU
		{A64D3CD8-A12E-4855-BAF2-9BA1C6043737}.Debug|Any CPU.Build.0 = Debug|Any CPU
		{A64D3CD8-A12E-4855-BAF2-9BA1C6043737}.Release|Any CPU.ActiveCfg = Release|Any CPU
		{A64D3CD8-A12E-4855-BAF2-9BA1C6043737}.Release|Any CPU.Build.0 = Release|Any CPU
	EndGlobalSection
EndGlobal
