
Microsoft Visual Studio Solution File, Format Version 12.00
Project("{FAE04EC0-301F-11D3-BF4B-00C04F79EFBC}") = "DiscordBot", "DiscordBot\DiscordBot.csproj", "{B58E7544-7829-44FF-A9A2-2040B0A0CB4F}"
EndProject
Project("{FAE04EC0-301F-11D3-BF4B-00C04F79EFBC}") = "SharedLib", "SharedLib\SharedLib.csproj", "{A64D3CD8-A12E-4855-BAF2-9BA1C6043737}"
EndProject
Project("{FAE04EC0-301F-11D3-BF4B-00C04F79EFBC}") = "Server", "Server\Server.csproj", "{28F738C9-D1C0-45F5-82CE-FE332C683419}"
EndProject
Project("{FAE04EC0-301F-11D3-BF4B-00C04F79EFBC}") = "DockerRunner", "DockerRunner\DockerRunner.csproj", "{29FE1BE2-79BC-4F55-A7E8-01EAB54FD5EB}"
EndProject
Project("{FAE04EC0-301F-11D3-BF4B-00C04F79EFBC}") = "AvaloniaAppMVVM", "AvaloniaAppMVVM\AvaloniaAppMVVM.csproj", "{4894B33D-44D4-48CA-8C95-D8D98206C695}"
EndProject
Project("{FAE04EC0-301F-11D3-BF4B-00C04F79EFBC}") = "ServerClientShared", "ServerClientShared\ServerClientShared.csproj", "{0426B01C-0288-4480-B748-FC2FDE4313BA}"
EndProject
Project("{2150E333-8FDC-42A3-9474-1A3956D46DE8}") = "Builders", "Builders", "{B85BA8A1-B6C6-4EC7-8447-3A230EAC3826}"
EndProject
Project("{FAE04EC0-301F-11D3-BF4B-00C04F79EFBC}") = "GodotBuilder", "Builders\GodotBuilder\GodotBuilder.csproj", "{59847429-1E15-4CB0-ABD3-0C8FD6880983}"
EndProject
Project("{FAE04EC0-301F-11D3-BF4B-00C04F79EFBC}") = "UnityBuilder", "Builders\UnityBuilder\UnityBuilder.csproj", "{3A64AFD3-D949-46C5-B41F-0A6CB51F404D}"
EndProject
Project("{2150E333-8FDC-42A3-9474-1A3956D46DE8}") = "Deployments", "Deployments", "{939CF0BC-F548-411B-89C6-08D25043DB22}"
EndProject
Project("{FAE04EC0-301F-11D3-BF4B-00C04F79EFBC}") = "SteamDeployment", "Deployments\SteamDeployment\SteamDeployment.csproj", "{1E48A204-F291-447D-A8C3-8393486FBF4A}"
EndProject
Project("{FAE04EC0-301F-11D3-BF4B-00C04F79EFBC}") = "XcodeDeployment", "Deployments\XcodeDeployment\XcodeDeployment.csproj", "{728F2E32-38D6-432C-BE79-A3A27D48D484}"
EndProject
Project("{2150E333-8FDC-42A3-9474-1A3956D46DE8}") = "Servers", "Servers", "{4175A38E-1657-4D76-A4E8-D15FEA90A8BE}"
EndProject
Project("{FAE04EC0-301F-11D3-BF4B-00C04F79EFBC}") = "MainServer", "Servers\MainServer\MainServer.csproj", "{A4C7B2BD-D766-4B65-932B-45F7F3096C9F}"
EndProject
Project("{FAE04EC0-301F-11D3-BF4B-00C04F79EFBC}") = "GooglePlayDeployment", "Deployments\GooglePlayDeployment\GooglePlayDeployment.csproj", "{15BD2963-DC3A-4890-84E0-F071B2AA3917}"
EndProject
Project("{FAE04EC0-301F-11D3-BF4B-00C04F79EFBC}") = "AwsDeployment", "Deployments\AwsDeployment\AwsDeployment.csproj", "{F607391C-E2D4-4055-8C1F-5758595B38B4}"
EndProject
Project("{FAE04EC0-301F-11D3-BF4B-00C04F79EFBC}") = "UnityServicesDeployment", "Deployments\UnityServicesDeployment\UnityServicesDeployment.csproj", "{E345AE26-A633-4AFB-A69A-27FA164082AE}"
EndProject
Project("{FAE04EC0-301F-11D3-BF4B-00C04F79EFBC}") = "ClanforgeDeployment", "Deployments\ClanforgeDeployment\ClanforgeDeployment.csproj", "{6474BFBF-E5A4-484A-8ADA-4F41C41AE1A1}"
EndProject
Project("{FAE04EC0-301F-11D3-BF4B-00C04F79EFBC}") = "ItchioDeployment", "Deployments\ItchioDeployment\ItchioDeployment.csproj", "{1FE5E7E7-7270-4470-91B6-1A4EC511F29E}"
EndProject
Project("{FAE04EC0-301F-11D3-BF4B-00C04F79EFBC}") = "SocketServer", "Servers\SocketServer\SocketServer.csproj", "{73E975D4-B83F-4567-B479-7F95962D359C}"
EndProject
Global
	GlobalSection(SolutionConfigurationPlatforms) = preSolution
		Debug|Any CPU = Debug|Any CPU
		Release|Any CPU = Release|Any CPU
	EndGlobalSection
	GlobalSection(ProjectConfigurationPlatforms) = postSolution
		{B58E7544-7829-44FF-A9A2-2040B0A0CB4F}.Debug|Any CPU.ActiveCfg = Debug|Any CPU
		{B58E7544-7829-44FF-A9A2-2040B0A0CB4F}.Debug|Any CPU.Build.0 = Debug|Any CPU
		{B58E7544-7829-44FF-A9A2-2040B0A0CB4F}.Release|Any CPU.ActiveCfg = Release|Any CPU
		{B58E7544-7829-44FF-A9A2-2040B0A0CB4F}.Release|Any CPU.Build.0 = Release|Any CPU
		{A64D3CD8-A12E-4855-BAF2-9BA1C6043737}.Debug|Any CPU.ActiveCfg = Debug|Any CPU
		{A64D3CD8-A12E-4855-BAF2-9BA1C6043737}.Debug|Any CPU.Build.0 = Debug|Any CPU
		{A64D3CD8-A12E-4855-BAF2-9BA1C6043737}.Release|Any CPU.ActiveCfg = Release|Any CPU
		{A64D3CD8-A12E-4855-BAF2-9BA1C6043737}.Release|Any CPU.Build.0 = Release|Any CPU
		{28F738C9-D1C0-45F5-82CE-FE332C683419}.Debug|Any CPU.ActiveCfg = Debug|Any CPU
		{28F738C9-D1C0-45F5-82CE-FE332C683419}.Debug|Any CPU.Build.0 = Debug|Any CPU
		{28F738C9-D1C0-45F5-82CE-FE332C683419}.Release|Any CPU.ActiveCfg = Release|Any CPU
		{28F738C9-D1C0-45F5-82CE-FE332C683419}.Release|Any CPU.Build.0 = Release|Any CPU
		{29FE1BE2-79BC-4F55-A7E8-01EAB54FD5EB}.Debug|Any CPU.ActiveCfg = Debug|Any CPU
		{29FE1BE2-79BC-4F55-A7E8-01EAB54FD5EB}.Debug|Any CPU.Build.0 = Debug|Any CPU
		{29FE1BE2-79BC-4F55-A7E8-01EAB54FD5EB}.Release|Any CPU.ActiveCfg = Release|Any CPU
		{29FE1BE2-79BC-4F55-A7E8-01EAB54FD5EB}.Release|Any CPU.Build.0 = Release|Any CPU
		{4894B33D-44D4-48CA-8C95-D8D98206C695}.Debug|Any CPU.ActiveCfg = Debug|Any CPU
		{4894B33D-44D4-48CA-8C95-D8D98206C695}.Debug|Any CPU.Build.0 = Debug|Any CPU
		{4894B33D-44D4-48CA-8C95-D8D98206C695}.Release|Any CPU.ActiveCfg = Release|Any CPU
		{4894B33D-44D4-48CA-8C95-D8D98206C695}.Release|Any CPU.Build.0 = Release|Any CPU
		{0426B01C-0288-4480-B748-FC2FDE4313BA}.Debug|Any CPU.ActiveCfg = Debug|Any CPU
		{0426B01C-0288-4480-B748-FC2FDE4313BA}.Debug|Any CPU.Build.0 = Debug|Any CPU
		{0426B01C-0288-4480-B748-FC2FDE4313BA}.Release|Any CPU.ActiveCfg = Release|Any CPU
		{0426B01C-0288-4480-B748-FC2FDE4313BA}.Release|Any CPU.Build.0 = Release|Any CPU
		{59847429-1E15-4CB0-ABD3-0C8FD6880983}.Debug|Any CPU.ActiveCfg = Debug|Any CPU
		{59847429-1E15-4CB0-ABD3-0C8FD6880983}.Debug|Any CPU.Build.0 = Debug|Any CPU
		{59847429-1E15-4CB0-ABD3-0C8FD6880983}.Release|Any CPU.ActiveCfg = Release|Any CPU
		{59847429-1E15-4CB0-ABD3-0C8FD6880983}.Release|Any CPU.Build.0 = Release|Any CPU
		{3A64AFD3-D949-46C5-B41F-0A6CB51F404D}.Debug|Any CPU.ActiveCfg = Debug|Any CPU
		{3A64AFD3-D949-46C5-B41F-0A6CB51F404D}.Debug|Any CPU.Build.0 = Debug|Any CPU
		{3A64AFD3-D949-46C5-B41F-0A6CB51F404D}.Release|Any CPU.ActiveCfg = Release|Any CPU
		{3A64AFD3-D949-46C5-B41F-0A6CB51F404D}.Release|Any CPU.Build.0 = Release|Any CPU
		{1E48A204-F291-447D-A8C3-8393486FBF4A}.Debug|Any CPU.ActiveCfg = Debug|Any CPU
		{1E48A204-F291-447D-A8C3-8393486FBF4A}.Debug|Any CPU.Build.0 = Debug|Any CPU
		{1E48A204-F291-447D-A8C3-8393486FBF4A}.Release|Any CPU.ActiveCfg = Release|Any CPU
		{1E48A204-F291-447D-A8C3-8393486FBF4A}.Release|Any CPU.Build.0 = Release|Any CPU
		{728F2E32-38D6-432C-BE79-A3A27D48D484}.Debug|Any CPU.ActiveCfg = Debug|Any CPU
		{728F2E32-38D6-432C-BE79-A3A27D48D484}.Debug|Any CPU.Build.0 = Debug|Any CPU
		{728F2E32-38D6-432C-BE79-A3A27D48D484}.Release|Any CPU.ActiveCfg = Release|Any CPU
		{728F2E32-38D6-432C-BE79-A3A27D48D484}.Release|Any CPU.Build.0 = Release|Any CPU
		{A4C7B2BD-D766-4B65-932B-45F7F3096C9F}.Debug|Any CPU.ActiveCfg = Debug|Any CPU
		{A4C7B2BD-D766-4B65-932B-45F7F3096C9F}.Debug|Any CPU.Build.0 = Debug|Any CPU
		{A4C7B2BD-D766-4B65-932B-45F7F3096C9F}.Release|Any CPU.ActiveCfg = Release|Any CPU
		{A4C7B2BD-D766-4B65-932B-45F7F3096C9F}.Release|Any CPU.Build.0 = Release|Any CPU
		{15BD2963-DC3A-4890-84E0-F071B2AA3917}.Debug|Any CPU.ActiveCfg = Debug|Any CPU
		{15BD2963-DC3A-4890-84E0-F071B2AA3917}.Debug|Any CPU.Build.0 = Debug|Any CPU
		{15BD2963-DC3A-4890-84E0-F071B2AA3917}.Release|Any CPU.ActiveCfg = Release|Any CPU
		{15BD2963-DC3A-4890-84E0-F071B2AA3917}.Release|Any CPU.Build.0 = Release|Any CPU
		{F607391C-E2D4-4055-8C1F-5758595B38B4}.Debug|Any CPU.ActiveCfg = Debug|Any CPU
		{F607391C-E2D4-4055-8C1F-5758595B38B4}.Debug|Any CPU.Build.0 = Debug|Any CPU
		{F607391C-E2D4-4055-8C1F-5758595B38B4}.Release|Any CPU.ActiveCfg = Release|Any CPU
		{F607391C-E2D4-4055-8C1F-5758595B38B4}.Release|Any CPU.Build.0 = Release|Any CPU
		{E345AE26-A633-4AFB-A69A-27FA164082AE}.Debug|Any CPU.ActiveCfg = Debug|Any CPU
		{E345AE26-A633-4AFB-A69A-27FA164082AE}.Debug|Any CPU.Build.0 = Debug|Any CPU
		{E345AE26-A633-4AFB-A69A-27FA164082AE}.Release|Any CPU.ActiveCfg = Release|Any CPU
		{E345AE26-A633-4AFB-A69A-27FA164082AE}.Release|Any CPU.Build.0 = Release|Any CPU
		{6474BFBF-E5A4-484A-8ADA-4F41C41AE1A1}.Debug|Any CPU.ActiveCfg = Debug|Any CPU
		{6474BFBF-E5A4-484A-8ADA-4F41C41AE1A1}.Debug|Any CPU.Build.0 = Debug|Any CPU
		{6474BFBF-E5A4-484A-8ADA-4F41C41AE1A1}.Release|Any CPU.ActiveCfg = Release|Any CPU
		{6474BFBF-E5A4-484A-8ADA-4F41C41AE1A1}.Release|Any CPU.Build.0 = Release|Any CPU
		{1FE5E7E7-7270-4470-91B6-1A4EC511F29E}.Debug|Any CPU.ActiveCfg = Debug|Any CPU
		{1FE5E7E7-7270-4470-91B6-1A4EC511F29E}.Debug|Any CPU.Build.0 = Debug|Any CPU
		{1FE5E7E7-7270-4470-91B6-1A4EC511F29E}.Release|Any CPU.ActiveCfg = Release|Any CPU
		{1FE5E7E7-7270-4470-91B6-1A4EC511F29E}.Release|Any CPU.Build.0 = Release|Any CPU
		{73E975D4-B83F-4567-B479-7F95962D359C}.Debug|Any CPU.ActiveCfg = Debug|Any CPU
		{73E975D4-B83F-4567-B479-7F95962D359C}.Debug|Any CPU.Build.0 = Debug|Any CPU
		{73E975D4-B83F-4567-B479-7F95962D359C}.Release|Any CPU.ActiveCfg = Release|Any CPU
		{73E975D4-B83F-4567-B479-7F95962D359C}.Release|Any CPU.Build.0 = Release|Any CPU
	EndGlobalSection
	GlobalSection(NestedProjects) = preSolution
		{59847429-1E15-4CB0-ABD3-0C8FD6880983} = {B85BA8A1-B6C6-4EC7-8447-3A230EAC3826}
		{3A64AFD3-D949-46C5-B41F-0A6CB51F404D} = {B85BA8A1-B6C6-4EC7-8447-3A230EAC3826}
		{1E48A204-F291-447D-A8C3-8393486FBF4A} = {939CF0BC-F548-411B-89C6-08D25043DB22}
		{728F2E32-38D6-432C-BE79-A3A27D48D484} = {939CF0BC-F548-411B-89C6-08D25043DB22}
		{A4C7B2BD-D766-4B65-932B-45F7F3096C9F} = {4175A38E-1657-4D76-A4E8-D15FEA90A8BE}
		{15BD2963-DC3A-4890-84E0-F071B2AA3917} = {939CF0BC-F548-411B-89C6-08D25043DB22}
		{F607391C-E2D4-4055-8C1F-5758595B38B4} = {939CF0BC-F548-411B-89C6-08D25043DB22}
		{E345AE26-A633-4AFB-A69A-27FA164082AE} = {939CF0BC-F548-411B-89C6-08D25043DB22}
		{6474BFBF-E5A4-484A-8ADA-4F41C41AE1A1} = {939CF0BC-F548-411B-89C6-08D25043DB22}
		{1FE5E7E7-7270-4470-91B6-1A4EC511F29E} = {939CF0BC-F548-411B-89C6-08D25043DB22}
		{73E975D4-B83F-4567-B479-7F95962D359C} = {4175A38E-1657-4D76-A4E8-D15FEA90A8BE}
	EndGlobalSection
EndGlobal
