
Microsoft Visual Studio Solution File, Format Version 12.00
Project("{FAE04EC0-301F-11D3-BF4B-00C04F79EFBC}") = "MG-CLI", "MG-CLI\MG-CLI.csproj", "{A83368BA-A5F7-48EE-9648-2C4F3B91D0CF}"
EndProject
Global
	GlobalSection(SolutionConfigurationPlatforms) = preSolution
		Debug|Any CPU = Debug|Any CPU
		Release|Any CPU = Release|Any CPU
	EndGlobalSection
	GlobalSection(ProjectConfigurationPlatforms) = postSolution
		{A83368BA-A5F7-48EE-9648-2C4F3B91D0CF}.Debug|Any CPU.ActiveCfg = Debug|Any CPU
		{A83368BA-A5F7-48EE-9648-2C4F3B91D0CF}.Debug|Any CPU.Build.0 = Debug|Any CPU
		{A83368BA-A5F7-48EE-9648-2C4F3B91D0CF}.Release|Any CPU.ActiveCfg = Release|Any CPU
		{A83368BA-A5F7-48EE-9648-2C4F3B91D0CF}.Release|Any CPU.Build.0 = Release|Any CPU
	EndGlobalSection
	GlobalSection(NestedProjects) = preSolution
	EndGlobalSection
EndGlobal
